# This file is automatically @generated by Cargo.
# It is not intended for manual editing.
version = 4

[[package]]
name = "pgb-audit"
version = "0.0.0"

[[package]]
name = "pgb-cli"
version = "0.0.0"
dependencies = [
 "pgb-core",
 "pgb-policy",
]

[[package]]
name = "pgb-clone-orchestrator"
version = "0.0.0"

[[package]]
name = "pgb-core"
version = "0.0.0"

[[package]]
name = "pgb-pgwire"
version = "0.0.0"

[[package]]
name = "pgb-policy"
version = "0.0.0"

[[package]]
name = "pgb-proxy"
version = "0.0.0"
dependencies = [
 "pgb-audit",
 "pgb-core",
 "pgb-pgwire",
 "pgb-policy",
]

[[package]]
name = "pgb-warden"
version = "0.0.0"
dependencies = [
 "pgb-core",
]
